
Microsoft Visual Studio Solution File, Format Version 12.00
# Visual Studio Version 17
VisualStudioVersion = 17.4.33110.190
MinimumVisualStudioVersion = 10.0.40219.1
Project("{FAE04EC0-301F-11D3-BF4B-00C04F79EFBC}") = "StoreManagement", "StoreManagement\StoreManagement.csproj", "{B3C3D790-D6BC-46A4-A0F5-1ACF80F00E45}"
EndProject
Project("{FAE04EC0-301F-11D3-BF4B-00C04F79EFBC}") = "DatabaseShemaManager", "DatabaseShemaManager\DatabaseShemaManager.csproj", "{7AA4E3A2-C5BE-4E75-9FF1-B3EF2C51F9AF}"
EndProject
Global
	GlobalSection(SolutionConfigurationPlatforms) = preSolution
		Debug|Any CPU = Debug|Any CPU
		Release|Any CPU = Release|Any CPU
	EndGlobalSection
	GlobalSection(ProjectConfigurationPlatforms) = postSolution
		{B3C3D790-D6BC-46A4-A0F5-1ACF80F00E45}.Debug|Any CPU.ActiveCfg = Debug|Any CPU
		{B3C3D790-D6BC-46A4-A0F5-1ACF80F00E45}.Debug|Any CPU.Build.0 = Debug|Any CPU
		{B3C3D790-D6BC-46A4-A0F5-1ACF80F00E45}.Release|Any CPU.ActiveCfg = Release|Any CPU
		{B3C3D790-D6BC-46A4-A0F5-1ACF80F00E45}.Release|Any CPU.Build.0 = Release|Any CPU
		{7AA4E3A2-C5BE-4E75-9FF1-B3EF2C51F9AF}.Debug|Any CPU.ActiveCfg = Debug|Any CPU
		{7AA4E3A2-C5BE-4E75-9FF1-B3EF2C51F9AF}.Debug|Any CPU.Build.0 = Debug|Any CPU
		{7AA4E3A2-C5BE-4E75-9FF1-B3EF2C51F9AF}.Release|Any CPU.ActiveCfg = Release|Any CPU
		{7AA4E3A2-C5BE-4E75-9FF1-B3EF2C51F9AF}.Release|Any CPU.Build.0 = Release|Any CPU
	EndGlobalSection
	GlobalSection(SolutionProperties) = preSolution
		HideSolutionNode = FALSE
	EndGlobalSection
	GlobalSection(ExtensibilityGlobals) = postSolution
		SolutionGuid = {9E4348F2-A3C1-4D47-B380-E28A2178BA51}
	EndGlobalSection
EndGlobal
